
Microsoft Visual Studio Solution File, Format Version 12.00
# Visual Studio 15
VisualStudioVersion = 15.0.27130.2020
MinimumVisualStudioVersion = 10.0.40219.1
Project("{FAE04EC0-301F-11D3-BF4B-00C04F79EFBC}") = "cis425searchresultspage", "cis425searchresultspage\cis425searchresultspage.csproj", "{CFA7B4C3-B166-4911-B6A5-8AFD11135BEE}"
EndProject
Global
	GlobalSection(SolutionConfigurationPlatforms) = preSolution
		Debug|Any CPU = Debug|Any CPU
		Release|Any CPU = Release|Any CPU
	EndGlobalSection
	GlobalSection(ProjectConfigurationPlatforms) = postSolution
		{CFA7B4C3-B166-4911-B6A5-8AFD11135BEE}.Debug|Any CPU.ActiveCfg = Debug|Any CPU
		{CFA7B4C3-B166-4911-B6A5-8AFD11135BEE}.Debug|Any CPU.Build.0 = Debug|Any CPU
		{CFA7B4C3-B166-4911-B6A5-8AFD11135BEE}.Release|Any CPU.ActiveCfg = Release|Any CPU
		{CFA7B4C3-B166-4911-B6A5-8AFD11135BEE}.Release|Any CPU.Build.0 = Release|Any CPU
	EndGlobalSection
	GlobalSection(SolutionProperties) = preSolution
		HideSolutionNode = FALSE
	EndGlobalSection
	GlobalSection(ExtensibilityGlobals) = postSolution
		SolutionGuid = {7B681421-87FA-40EB-8DCC-162A414BC31B}
	EndGlobalSection
EndGlobal
